
Microsoft Visual Studio Solution File, Format Version 12.00
# Visual Studio Version 16
VisualStudioVersion = 16.0.30517.126
MinimumVisualStudioVersion = 10.0.40219.1
Project("{FAE04EC0-301F-11D3-BF4B-00C04F79EFBC}") = "week07", "week07\week07.csproj", "{869F27DE-7634-439A-BB3B-7CD0775848F7}"
EndProject
Global
	GlobalSection(SolutionConfigurationPlatforms) = preSolution
		Debug|Any CPU = Debug|Any CPU
		Release|Any CPU = Release|Any CPU
	EndGlobalSection
	GlobalSection(ProjectConfigurationPlatforms) = postSolution
		{869F27DE-7634-439A-BB3B-7CD0775848F7}.Debug|Any CPU.ActiveCfg = Debug|Any CPU
		{869F27DE-7634-439A-BB3B-7CD0775848F7}.Debug|Any CPU.Build.0 = Debug|Any CPU
		{869F27DE-7634-439A-BB3B-7CD0775848F7}.Release|Any CPU.ActiveCfg = Release|Any CPU
		{869F27DE-7634-439A-BB3B-7CD0775848F7}.Release|Any CPU.Build.0 = Release|Any CPU
	EndGlobalSection
	GlobalSection(SolutionProperties) = preSolution
		HideSolutionNode = FALSE
	EndGlobalSection
	GlobalSection(ExtensibilityGlobals) = postSolution
		SolutionGuid = {A5D96B7F-619B-4A34-836D-9B7E6DE6FAC5}
	EndGlobalSection
EndGlobal
