
Microsoft Visual Studio Solution File, Format Version 12.00
# Visual Studio Version 16
VisualStudioVersion = 16.0.30517.126
MinimumVisualStudioVersion = 10.0.40219.1
Project("{FAE04EC0-301F-11D3-BF4B-00C04F79EFBC}") = "tasks_week04", "tasks_week04\tasks_week04.csproj", "{F12D7A71-6B02-45BB-8170-4A2F9A21B691}"
EndProject
Global
	GlobalSection(SolutionConfigurationPlatforms) = preSolution
		Debug|Any CPU = Debug|Any CPU
		Release|Any CPU = Release|Any CPU
	EndGlobalSection
	GlobalSection(ProjectConfigurationPlatforms) = postSolution
		{F12D7A71-6B02-45BB-8170-4A2F9A21B691}.Debug|Any CPU.ActiveCfg = Debug|Any CPU
		{F12D7A71-6B02-45BB-8170-4A2F9A21B691}.Debug|Any CPU.Build.0 = Debug|Any CPU
		{F12D7A71-6B02-45BB-8170-4A2F9A21B691}.Release|Any CPU.ActiveCfg = Release|Any CPU
		{F12D7A71-6B02-45BB-8170-4A2F9A21B691}.Release|Any CPU.Build.0 = Release|Any CPU
	EndGlobalSection
	GlobalSection(SolutionProperties) = preSolution
		HideSolutionNode = FALSE
	EndGlobalSection
	GlobalSection(ExtensibilityGlobals) = postSolution
		SolutionGuid = {1431BCD8-A125-43EE-809D-E1C8758942D7}
	EndGlobalSection
EndGlobal
